// !$*UTF8*$!
{
	archiveVersion = 1;
	classes = {
	};
	objectVersion = 55;
	objects = {

/* Begin PBXBuildFile section */
		1327B06B27A5227300C28CE8 /* Assets.xcassets in Resources */ = {isa = PBXBuildFile; fileRef = 1327B06A27A5227300C28CE8 /* Assets.xcassets */; };
		1327B07827A5227400C28CE8 /* Killiaro_AssignmentTests.swift in Sources */ = {isa = PBXBuildFile; fileRef = 1327B07727A5227400C28CE8 /* Killiaro_AssignmentTests.swift */; };
		1327B08227A5227400C28CE8 /* Killiaro_AssignmentUITests.swift in Sources */ = {isa = PBXBuildFile; fileRef = 1327B08127A5227400C28CE8 /* Killiaro_AssignmentUITests.swift */; };
		1327B08427A5227400C28CE8 /* Killiaro_AssignmentUITestsLaunchTests.swift in Sources */ = {isa = PBXBuildFile; fileRef = 1327B08327A5227400C28CE8 /* Killiaro_AssignmentUITestsLaunchTests.swift */; };
		1327B09327A53ADF00C28CE8 /* Killiaro.xcdatamodeld in Sources */ = {isa = PBXBuildFile; fileRef = 1327B09127A53ADF00C28CE8 /* Killiaro.xcdatamodeld */; };
		1327B09627A5615C00C28CE8 /* AppDelegate.swift in Sources */ = {isa = PBXBuildFile; fileRef = 1327B09527A5615C00C28CE8 /* AppDelegate.swift */; };
		1327B09827A5627D00C28CE8 /* AppCoordinator.swift in Sources */ = {isa = PBXBuildFile; fileRef = 1327B09727A5627D00C28CE8 /* AppCoordinator.swift */; };
		1327B09B27A562DE00C28CE8 /* GalleryViewController.swift in Sources */ = {isa = PBXBuildFile; fileRef = 1327B09A27A562DE00C28CE8 /* GalleryViewController.swift */; };
		1327B09F27A5634F00C28CE8 /* Storyboarded.swift in Sources */ = {isa = PBXBuildFile; fileRef = 1327B09E27A5634F00C28CE8 /* Storyboarded.swift */; };
		1327B0A227A5652600C28CE8 /* Media.swift in Sources */ = {isa = PBXBuildFile; fileRef = 1327B0A127A5652600C28CE8 /* Media.swift */; };
		1327B0A427A5684200C28CE8 /* ImageViewController.swift in Sources */ = {isa = PBXBuildFile; fileRef = 1327B0A327A5684200C28CE8 /* ImageViewController.swift */; };
		1327B0A727A5690000C28CE8 /* ImageDetailViewModel.swift in Sources */ = {isa = PBXBuildFile; fileRef = 1327B0A627A5690000C28CE8 /* ImageDetailViewModel.swift */; };
		1327B0B527A57AC500C28CE8 /* ResponseLog.swift in Sources */ = {isa = PBXBuildFile; fileRef = 1327B0AB27A57AC500C28CE8 /* ResponseLog.swift */; };
		1327B0B627A57AC500C28CE8 /* URLRequestLoggableProtocol.swift in Sources */ = {isa = PBXBuildFile; fileRef = 1327B0AC27A57AC500C28CE8 /* URLRequestLoggableProtocol.swift */; };
		1327B0B727A57AC500C28CE8 /* RequestManagerProtocol.swift in Sources */ = {isa = PBXBuildFile; fileRef = 1327B0AE27A57AC500C28CE8 /* RequestManagerProtocol.swift */; };
		1327B0B827A57AC500C28CE8 /* RequestManager.swift in Sources */ = {isa = PBXBuildFile; fileRef = 1327B0AF27A57AC500C28CE8 /* RequestManager.swift */; };
		1327B0B927A57AC500C28CE8 /* RequestError.swift in Sources */ = {isa = PBXBuildFile; fileRef = 1327B0B027A57AC500C28CE8 /* RequestError.swift */; };
		1327B0BA27A57AC500C28CE8 /* ResponseValidatorProtocol.swift in Sources */ = {isa = PBXBuildFile; fileRef = 1327B0B227A57AC500C28CE8 /* ResponseValidatorProtocol.swift */; };
		1327B0BB27A57AC500C28CE8 /* ResponseValidator.swift in Sources */ = {isa = PBXBuildFile; fileRef = 1327B0B327A57AC500C28CE8 /* ResponseValidator.swift */; };
		1327B0BC27A57AC500C28CE8 /* HTTPMethod.swift in Sources */ = {isa = PBXBuildFile; fileRef = 1327B0B427A57AC500C28CE8 /* HTTPMethod.swift */; };
		1327B0BE27A57BD500C28CE8 /* GalleryViewModel.swift in Sources */ = {isa = PBXBuildFile; fileRef = 1327B0BD27A57BD500C28CE8 /* GalleryViewModel.swift */; };
		1327B0C127A57C2000C28CE8 /* MediaService.swift in Sources */ = {isa = PBXBuildFile; fileRef = 1327B0C027A57C2000C28CE8 /* MediaService.swift */; };
		1327B0C527A9831400C28CE8 /* Coordinator.swift in Sources */ = {isa = PBXBuildFile; fileRef = 1327B0C427A9831400C28CE8 /* Coordinator.swift */; };
		1327B0CA27A996B000C28CE8 /* Gallery.storyboard in Resources */ = {isa = PBXBuildFile; fileRef = 1327B0C927A996B000C28CE8 /* Gallery.storyboard */; };
		1327B0CE27A99E1A00C28CE8 /* MediaCell.swift in Sources */ = {isa = PBXBuildFile; fileRef = 1327B0CC27A99E1A00C28CE8 /* MediaCell.swift */; };
		1327B0CF27A99E1A00C28CE8 /* MediaCell.xib in Resources */ = {isa = PBXBuildFile; fileRef = 1327B0CD27A99E1A00C28CE8 /* MediaCell.xib */; };
		1327B0D227A99F2000C28CE8 /* UICollectionView + Cell.swift in Sources */ = {isa = PBXBuildFile; fileRef = 1327B0D127A99F2000C28CE8 /* UICollectionView + Cell.swift */; };
		1327B0D527A9A0A400C28CE8 /* Kingfisher in Frameworks */ = {isa = PBXBuildFile; productRef = 1327B0D427A9A0A400C28CE8 /* Kingfisher */; };
		1327B0D727A9C44900C28CE8 /* UIImage + Size.swift in Sources */ = {isa = PBXBuildFile; fileRef = 1327B0D627A9C44900C28CE8 /* UIImage + Size.swift */; };
/* End PBXBuildFile section */

/* Begin PBXContainerItemProxy section */
		1327B07427A5227400C28CE8 /* PBXContainerItemProxy */ = {
			isa = PBXContainerItemProxy;
			containerPortal = 1327B05B27A5227200C28CE8 /* Project object */;
			proxyType = 1;
			remoteGlobalIDString = 1327B06227A5227200C28CE8;
			remoteInfo = "Killiaro-Assignment";
		};
		1327B07E27A5227400C28CE8 /* PBXContainerItemProxy */ = {
			isa = PBXContainerItemProxy;
			containerPortal = 1327B05B27A5227200C28CE8 /* Project object */;
			proxyType = 1;
			remoteGlobalIDString = 1327B06227A5227200C28CE8;
			remoteInfo = "Killiaro-Assignment";
		};
/* End PBXContainerItemProxy section */

/* Begin PBXFileReference section */
		1327B06327A5227200C28CE8 /* Killiaro-Assignment.app */ = {isa = PBXFileReference; explicitFileType = wrapper.application; includeInIndex = 0; path = "Killiaro-Assignment.app"; sourceTree = BUILT_PRODUCTS_DIR; };
		1327B06A27A5227300C28CE8 /* Assets.xcassets */ = {isa = PBXFileReference; lastKnownFileType = folder.assetcatalog; path = Assets.xcassets; sourceTree = "<group>"; };
		1327B07327A5227400C28CE8 /* Killiaro-AssignmentTests.xctest */ = {isa = PBXFileReference; explicitFileType = wrapper.cfbundle; includeInIndex = 0; path = "Killiaro-AssignmentTests.xctest"; sourceTree = BUILT_PRODUCTS_DIR; };
		1327B07727A5227400C28CE8 /* Killiaro_AssignmentTests.swift */ = {isa = PBXFileReference; lastKnownFileType = sourcecode.swift; path = Killiaro_AssignmentTests.swift; sourceTree = "<group>"; };
		1327B07D27A5227400C28CE8 /* Killiaro-AssignmentUITests.xctest */ = {isa = PBXFileReference; explicitFileType = wrapper.cfbundle; includeInIndex = 0; path = "Killiaro-AssignmentUITests.xctest"; sourceTree = BUILT_PRODUCTS_DIR; };
		1327B08127A5227400C28CE8 /* Killiaro_AssignmentUITests.swift */ = {isa = PBXFileReference; lastKnownFileType = sourcecode.swift; path = Killiaro_AssignmentUITests.swift; sourceTree = "<group>"; };
		1327B08327A5227400C28CE8 /* Killiaro_AssignmentUITestsLaunchTests.swift */ = {isa = PBXFileReference; lastKnownFileType = sourcecode.swift; path = Killiaro_AssignmentUITestsLaunchTests.swift; sourceTree = "<group>"; };
		1327B09227A53ADF00C28CE8 /* Killiaro.xcdatamodel */ = {isa = PBXFileReference; lastKnownFileType = wrapper.xcdatamodel; path = Killiaro.xcdatamodel; sourceTree = "<group>"; };
		1327B09527A5615C00C28CE8 /* AppDelegate.swift */ = {isa = PBXFileReference; lastKnownFileType = sourcecode.swift; path = AppDelegate.swift; sourceTree = "<group>"; };
		1327B09727A5627D00C28CE8 /* AppCoordinator.swift */ = {isa = PBXFileReference; lastKnownFileType = sourcecode.swift; path = AppCoordinator.swift; sourceTree = "<group>"; };
		1327B09A27A562DE00C28CE8 /* GalleryViewController.swift */ = {isa = PBXFileReference; lastKnownFileType = sourcecode.swift; path = GalleryViewController.swift; sourceTree = "<group>"; };
		1327B09E27A5634F00C28CE8 /* Storyboarded.swift */ = {isa = PBXFileReference; lastKnownFileType = sourcecode.swift; path = Storyboarded.swift; sourceTree = "<group>"; };
		1327B0A127A5652600C28CE8 /* Media.swift */ = {isa = PBXFileReference; lastKnownFileType = sourcecode.swift; path = Media.swift; sourceTree = "<group>"; };
		1327B0A327A5684200C28CE8 /* ImageViewController.swift */ = {isa = PBXFileReference; lastKnownFileType = sourcecode.swift; path = ImageViewController.swift; sourceTree = "<group>"; };
		1327B0A627A5690000C28CE8 /* ImageDetailViewModel.swift */ = {isa = PBXFileReference; lastKnownFileType = sourcecode.swift; path = ImageDetailViewModel.swift; sourceTree = "<group>"; };
		1327B0AB27A57AC500C28CE8 /* ResponseLog.swift */ = {isa = PBXFileReference; fileEncoding = 4; lastKnownFileType = sourcecode.swift; path = ResponseLog.swift; sourceTree = "<group>"; };
		1327B0AC27A57AC500C28CE8 /* URLRequestLoggableProtocol.swift */ = {isa = PBXFileReference; fileEncoding = 4; lastKnownFileType = sourcecode.swift; path = URLRequestLoggableProtocol.swift; sourceTree = "<group>"; };
		1327B0AE27A57AC500C28CE8 /* RequestManagerProtocol.swift */ = {isa = PBXFileReference; fileEncoding = 4; lastKnownFileType = sourcecode.swift; path = RequestManagerProtocol.swift; sourceTree = "<group>"; };
		1327B0AF27A57AC500C28CE8 /* RequestManager.swift */ = {isa = PBXFileReference; fileEncoding = 4; lastKnownFileType = sourcecode.swift; path = RequestManager.swift; sourceTree = "<group>"; };
		1327B0B027A57AC500C28CE8 /* RequestError.swift */ = {isa = PBXFileReference; fileEncoding = 4; lastKnownFileType = sourcecode.swift; path = RequestError.swift; sourceTree = "<group>"; };
		1327B0B227A57AC500C28CE8 /* ResponseValidatorProtocol.swift */ = {isa = PBXFileReference; fileEncoding = 4; lastKnownFileType = sourcecode.swift; path = ResponseValidatorProtocol.swift; sourceTree = "<group>"; };
		1327B0B327A57AC500C28CE8 /* ResponseValidator.swift */ = {isa = PBXFileReference; fileEncoding = 4; lastKnownFileType = sourcecode.swift; path = ResponseValidator.swift; sourceTree = "<group>"; };
		1327B0B427A57AC500C28CE8 /* HTTPMethod.swift */ = {isa = PBXFileReference; fileEncoding = 4; lastKnownFileType = sourcecode.swift; path = HTTPMethod.swift; sourceTree = "<group>"; };
		1327B0BD27A57BD500C28CE8 /* GalleryViewModel.swift */ = {isa = PBXFileReference; lastKnownFileType = sourcecode.swift; path = GalleryViewModel.swift; sourceTree = "<group>"; };
		1327B0C027A57C2000C28CE8 /* MediaService.swift */ = {isa = PBXFileReference; lastKnownFileType = sourcecode.swift; path = MediaService.swift; sourceTree = "<group>"; };
		1327B0C427A9831400C28CE8 /* Coordinator.swift */ = {isa = PBXFileReference; lastKnownFileType = sourcecode.swift; path = Coordinator.swift; sourceTree = "<group>"; };
		1327B0C927A996B000C28CE8 /* Gallery.storyboard */ = {isa = PBXFileReference; lastKnownFileType = file.storyboard; path = Gallery.storyboard; sourceTree = "<group>"; };
		1327B0CC27A99E1A00C28CE8 /* MediaCell.swift */ = {isa = PBXFileReference; lastKnownFileType = sourcecode.swift; path = MediaCell.swift; sourceTree = "<group>"; };
		1327B0CD27A99E1A00C28CE8 /* MediaCell.xib */ = {isa = PBXFileReference; lastKnownFileType = file.xib; path = MediaCell.xib; sourceTree = "<group>"; };
		1327B0D127A99F2000C28CE8 /* UICollectionView + Cell.swift */ = {isa = PBXFileReference; lastKnownFileType = sourcecode.swift; path = "UICollectionView + Cell.swift"; sourceTree = "<group>"; };
		1327B0D627A9C44900C28CE8 /* UIImage + Size.swift */ = {isa = PBXFileReference; lastKnownFileType = sourcecode.swift; path = "UIImage + Size.swift"; sourceTree = "<group>"; };
/* End PBXFileReference section */

/* Begin PBXFrameworksBuildPhase section */
		1327B06027A5227200C28CE8 /* Frameworks */ = {
			isa = PBXFrameworksBuildPhase;
			buildActionMask = 2147483647;
			files = (
				1327B0D527A9A0A400C28CE8 /* Kingfisher in Frameworks */,
			);
			runOnlyForDeploymentPostprocessing = 0;
		};
		1327B07027A5227400C28CE8 /* Frameworks */ = {
			isa = PBXFrameworksBuildPhase;
			buildActionMask = 2147483647;
			files = (
			);
			runOnlyForDeploymentPostprocessing = 0;
		};
		1327B07A27A5227400C28CE8 /* Frameworks */ = {
			isa = PBXFrameworksBuildPhase;
			buildActionMask = 2147483647;
			files = (
			);
			runOnlyForDeploymentPostprocessing = 0;
		};
/* End PBXFrameworksBuildPhase section */

/* Begin PBXGroup section */
		1327B05A27A5227200C28CE8 = {
			isa = PBXGroup;
			children = (
				1327B06527A5227200C28CE8 /* Killiaro-Assignment */,
				1327B07627A5227400C28CE8 /* Killiaro-AssignmentTests */,
				1327B08027A5227400C28CE8 /* Killiaro-AssignmentUITests */,
				1327B06427A5227200C28CE8 /* Products */,
			);
			sourceTree = "<group>";
		};
		1327B06427A5227200C28CE8 /* Products */ = {
			isa = PBXGroup;
			children = (
				1327B06327A5227200C28CE8 /* Killiaro-Assignment.app */,
				1327B07327A5227400C28CE8 /* Killiaro-AssignmentTests.xctest */,
				1327B07D27A5227400C28CE8 /* Killiaro-AssignmentUITests.xctest */,
			);
			name = Products;
			sourceTree = "<group>";
		};
		1327B06527A5227200C28CE8 /* Killiaro-Assignment */ = {
			isa = PBXGroup;
			children = (
				1327B0A827A57A9100C28CE8 /* Utilities */,
				1327B0A027A5651500C28CE8 /* Model */,
				1327B09C27A5632800C28CE8 /* Helpers */,
				1327B09427A5614C00C28CE8 /* App */,
				1327B09027A53AA500C28CE8 /* Supporting Files */,
				1327B09927A562A500C28CE8 /* Gallery */,
				1327B06A27A5227300C28CE8 /* Assets.xcassets */,
			);
			path = "Killiaro-Assignment";
			sourceTree = "<group>";
		};
		1327B07627A5227400C28CE8 /* Killiaro-AssignmentTests */ = {
			isa = PBXGroup;
			children = (
				1327B07727A5227400C28CE8 /* Killiaro_AssignmentTests.swift */,
			);
			path = "Killiaro-AssignmentTests";
			sourceTree = "<group>";
		};
		1327B08027A5227400C28CE8 /* Killiaro-AssignmentUITests */ = {
			isa = PBXGroup;
			children = (
				1327B08127A5227400C28CE8 /* Killiaro_AssignmentUITests.swift */,
				1327B08327A5227400C28CE8 /* Killiaro_AssignmentUITestsLaunchTests.swift */,
			);
			path = "Killiaro-AssignmentUITests";
			sourceTree = "<group>";
		};
		1327B09027A53AA500C28CE8 /* Supporting Files */ = {
			isa = PBXGroup;
			children = (
				1327B09127A53ADF00C28CE8 /* Killiaro.xcdatamodeld */,
			);
			path = "Supporting Files";
			sourceTree = "<group>";
		};
		1327B09427A5614C00C28CE8 /* App */ = {
			isa = PBXGroup;
			children = (
				1327B09527A5615C00C28CE8 /* AppDelegate.swift */,
				1327B09727A5627D00C28CE8 /* AppCoordinator.swift */,
			);
			path = App;
			sourceTree = "<group>";
		};
		1327B09927A562A500C28CE8 /* Gallery */ = {
			isa = PBXGroup;
			children = (
				1327B0C627A9948400C28CE8 /* View */,
				1327B0BF27A57C1000C28CE8 /* Service */,
				1327B0A527A568E100C28CE8 /* ViewModel */,
				1327B0A327A5684200C28CE8 /* ImageViewController.swift */,
			);
			path = Gallery;
			sourceTree = "<group>";
		};
		1327B09C27A5632800C28CE8 /* Helpers */ = {
			isa = PBXGroup;
			children = (
				1327B09D27A5633200C28CE8 /* Coordinators */,
			);
			path = Helpers;
			sourceTree = "<group>";
		};
		1327B09D27A5633200C28CE8 /* Coordinators */ = {
			isa = PBXGroup;
			children = (
				1327B09E27A5634F00C28CE8 /* Storyboarded.swift */,
			);
			path = Coordinators;
			sourceTree = "<group>";
		};
		1327B0A027A5651500C28CE8 /* Model */ = {
			isa = PBXGroup;
			children = (
				1327B0A127A5652600C28CE8 /* Media.swift */,
			);
			path = Model;
			sourceTree = "<group>";
		};
		1327B0A527A568E100C28CE8 /* ViewModel */ = {
			isa = PBXGroup;
			children = (
				1327B0A627A5690000C28CE8 /* ImageDetailViewModel.swift */,
				1327B0BD27A57BD500C28CE8 /* GalleryViewModel.swift */,
			);
			path = ViewModel;
			sourceTree = "<group>";
		};
		1327B0A827A57A9100C28CE8 /* Utilities */ = {
			isa = PBXGroup;
			children = (
				1327B0C227A982E400C28CE8 /* Extentions */,
				1327B0A927A57AA200C28CE8 /* Network */,
			);
			path = Utilities;
			sourceTree = "<group>";
		};
		1327B0A927A57AA200C28CE8 /* Network */ = {
			isa = PBXGroup;
			children = (
				1327B0AA27A57AC500C28CE8 /* APILogger */,
				1327B0B427A57AC500C28CE8 /* HTTPMethod.swift */,
				1327B0AD27A57AC500C28CE8 /* Protocols */,
				1327B0B027A57AC500C28CE8 /* RequestError.swift */,
				1327B0AF27A57AC500C28CE8 /* RequestManager.swift */,
				1327B0B127A57AC500C28CE8 /* ResponseValidator */,
			);
			path = Network;
			sourceTree = "<group>";
		};
		1327B0AA27A57AC500C28CE8 /* APILogger */ = {
			isa = PBXGroup;
			children = (
				1327B0AB27A57AC500C28CE8 /* ResponseLog.swift */,
				1327B0AC27A57AC500C28CE8 /* URLRequestLoggableProtocol.swift */,
			);
			path = APILogger;
			sourceTree = "<group>";
		};
		1327B0AD27A57AC500C28CE8 /* Protocols */ = {
			isa = PBXGroup;
			children = (
				1327B0AE27A57AC500C28CE8 /* RequestManagerProtocol.swift */,
			);
			path = Protocols;
			sourceTree = "<group>";
		};
		1327B0B127A57AC500C28CE8 /* ResponseValidator */ = {
			isa = PBXGroup;
			children = (
				1327B0B227A57AC500C28CE8 /* ResponseValidatorProtocol.swift */,
				1327B0B327A57AC500C28CE8 /* ResponseValidator.swift */,
			);
			path = ResponseValidator;
			sourceTree = "<group>";
		};
		1327B0BF27A57C1000C28CE8 /* Service */ = {
			isa = PBXGroup;
			children = (
				1327B0C027A57C2000C28CE8 /* MediaService.swift */,
			);
			path = Service;
			sourceTree = "<group>";
		};
		1327B0C227A982E400C28CE8 /* Extentions */ = {
			isa = PBXGroup;
			children = (
				1327B0D027A99F1000C28CE8 /* UI */,
				1327B0C327A982F400C28CE8 /* Coordinator */,
			);
			path = Extentions;
			sourceTree = "<group>";
		};
		1327B0C327A982F400C28CE8 /* Coordinator */ = {
			isa = PBXGroup;
			children = (
				1327B0C427A9831400C28CE8 /* Coordinator.swift */,
			);
			path = Coordinator;
			sourceTree = "<group>";
		};
		1327B0C627A9948400C28CE8 /* View */ = {
			isa = PBXGroup;
			children = (
				1327B0CB27A99DFE00C28CE8 /* Cell */,
				1327B09A27A562DE00C28CE8 /* GalleryViewController.swift */,
				1327B0C927A996B000C28CE8 /* Gallery.storyboard */,
			);
			path = View;
			sourceTree = "<group>";
		};
		1327B0CB27A99DFE00C28CE8 /* Cell */ = {
			isa = PBXGroup;
			children = (
				1327B0CC27A99E1A00C28CE8 /* MediaCell.swift */,
				1327B0CD27A99E1A00C28CE8 /* MediaCell.xib */,
			);
			path = Cell;
			sourceTree = "<group>";
		};
		1327B0D027A99F1000C28CE8 /* UI */ = {
			isa = PBXGroup;
			children = (
				1327B0D127A99F2000C28CE8 /* UICollectionView + Cell.swift */,
				1327B0D627A9C44900C28CE8 /* UIImage + Size.swift */,
			);
			path = UI;
			sourceTree = "<group>";
		};
/* End PBXGroup section */

/* Begin PBXNativeTarget section */
		1327B06227A5227200C28CE8 /* Killiaro-Assignment */ = {
			isa = PBXNativeTarget;
			buildConfigurationList = 1327B08727A5227400C28CE8 /* Build configuration list for PBXNativeTarget "Killiaro-Assignment" */;
			buildPhases = (
				1327B05F27A5227200C28CE8 /* Sources */,
				1327B06027A5227200C28CE8 /* Frameworks */,
				1327B06127A5227200C28CE8 /* Resources */,
			);
			buildRules = (
			);
			dependencies = (
			);
			name = "Killiaro-Assignment";
			packageProductDependencies = (
				1327B0D427A9A0A400C28CE8 /* Kingfisher */,
			);
			productName = "Killiaro-Assignment";
			productReference = 1327B06327A5227200C28CE8 /* Killiaro-Assignment.app */;
			productType = "com.apple.product-type.application";
		};
		1327B07227A5227400C28CE8 /* Killiaro-AssignmentTests */ = {
			isa = PBXNativeTarget;
			buildConfigurationList = 1327B08A27A5227400C28CE8 /* Build configuration list for PBXNativeTarget "Killiaro-AssignmentTests" */;
			buildPhases = (
				1327B06F27A5227400C28CE8 /* Sources */,
				1327B07027A5227400C28CE8 /* Frameworks */,
				1327B07127A5227400C28CE8 /* Resources */,
			);
			buildRules = (
			);
			dependencies = (
				1327B07527A5227400C28CE8 /* PBXTargetDependency */,
			);
			name = "Killiaro-AssignmentTests";
			productName = "Killiaro-AssignmentTests";
			productReference = 1327B07327A5227400C28CE8 /* Killiaro-AssignmentTests.xctest */;
			productType = "com.apple.product-type.bundle.unit-test";
		};
		1327B07C27A5227400C28CE8 /* Killiaro-AssignmentUITests */ = {
			isa = PBXNativeTarget;
			buildConfigurationList = 1327B08D27A5227400C28CE8 /* Build configuration list for PBXNativeTarget "Killiaro-AssignmentUITests" */;
			buildPhases = (
				1327B07927A5227400C28CE8 /* Sources */,
				1327B07A27A5227400C28CE8 /* Frameworks */,
				1327B07B27A5227400C28CE8 /* Resources */,
			);
			buildRules = (
			);
			dependencies = (
				1327B07F27A5227400C28CE8 /* PBXTargetDependency */,
			);
			name = "Killiaro-AssignmentUITests";
			productName = "Killiaro-AssignmentUITests";
			productReference = 1327B07D27A5227400C28CE8 /* Killiaro-AssignmentUITests.xctest */;
			productType = "com.apple.product-type.bundle.ui-testing";
		};
/* End PBXNativeTarget section */

/* Begin PBXProject section */
		1327B05B27A5227200C28CE8 /* Project object */ = {
			isa = PBXProject;
			attributes = {
				BuildIndependentTargetsInParallel = 1;
				LastSwiftUpdateCheck = 1310;
				LastUpgradeCheck = 1310;
				TargetAttributes = {
					1327B06227A5227200C28CE8 = {
						CreatedOnToolsVersion = 13.1;
					};
					1327B07227A5227400C28CE8 = {
						CreatedOnToolsVersion = 13.1;
						TestTargetID = 1327B06227A5227200C28CE8;
					};
					1327B07C27A5227400C28CE8 = {
						CreatedOnToolsVersion = 13.1;
						TestTargetID = 1327B06227A5227200C28CE8;
					};
				};
			};
			buildConfigurationList = 1327B05E27A5227200C28CE8 /* Build configuration list for PBXProject "Killiaro-Assignment" */;
			compatibilityVersion = "Xcode 13.0";
			developmentRegion = en;
			hasScannedForEncodings = 0;
			knownRegions = (
				en,
				Base,
			);
			mainGroup = 1327B05A27A5227200C28CE8;
			packageReferences = (
				1327B0D327A9A0A400C28CE8 /* XCRemoteSwiftPackageReference "Kingfisher" */,
			);
			productRefGroup = 1327B06427A5227200C28CE8 /* Products */;
			projectDirPath = "";
			projectRoot = "";
			targets = (
				1327B06227A5227200C28CE8 /* Killiaro-Assignment */,
				1327B07227A5227400C28CE8 /* Killiaro-AssignmentTests */,
				1327B07C27A5227400C28CE8 /* Killiaro-AssignmentUITests */,
			);
		};
/* End PBXProject section */

/* Begin PBXResourcesBuildPhase section */
		1327B06127A5227200C28CE8 /* Resources */ = {
			isa = PBXResourcesBuildPhase;
			buildActionMask = 2147483647;
			files = (
				1327B06B27A5227300C28CE8 /* Assets.xcassets in Resources */,
				1327B0CA27A996B000C28CE8 /* Gallery.storyboard in Resources */,
				1327B0CF27A99E1A00C28CE8 /* MediaCell.xib in Resources */,
			);
			runOnlyForDeploymentPostprocessing = 0;
		};
		1327B07127A5227400C28CE8 /* Resources */ = {
			isa = PBXResourcesBuildPhase;
			buildActionMask = 2147483647;
			files = (
			);
			runOnlyForDeploymentPostprocessing = 0;
		};
		1327B07B27A5227400C28CE8 /* Resources */ = {
			isa = PBXResourcesBuildPhase;
			buildActionMask = 2147483647;
			files = (
			);
			runOnlyForDeploymentPostprocessing = 0;
		};
/* End PBXResourcesBuildPhase section */

/* Begin PBXSourcesBuildPhase section */
		1327B05F27A5227200C28CE8 /* Sources */ = {
			isa = PBXSourcesBuildPhase;
			buildActionMask = 2147483647;
			files = (
				1327B0B727A57AC500C28CE8 /* RequestManagerProtocol.swift in Sources */,
				1327B0D727A9C44900C28CE8 /* UIImage + Size.swift in Sources */,
				1327B0BA27A57AC500C28CE8 /* ResponseValidatorProtocol.swift in Sources */,
				1327B0CE27A99E1A00C28CE8 /* MediaCell.swift in Sources */,
				1327B09627A5615C00C28CE8 /* AppDelegate.swift in Sources */,
				1327B0A427A5684200C28CE8 /* ImageViewController.swift in Sources */,
				1327B09327A53ADF00C28CE8 /* Killiaro.xcdatamodeld in Sources */,
				1327B09827A5627D00C28CE8 /* AppCoordinator.swift in Sources */,
				1327B0C127A57C2000C28CE8 /* MediaService.swift in Sources */,
				1327B0B527A57AC500C28CE8 /* ResponseLog.swift in Sources */,
				1327B0BB27A57AC500C28CE8 /* ResponseValidator.swift in Sources */,
				1327B09B27A562DE00C28CE8 /* GalleryViewController.swift in Sources */,
				1327B0A727A5690000C28CE8 /* ImageDetailViewModel.swift in Sources */,
				1327B0BE27A57BD500C28CE8 /* GalleryViewModel.swift in Sources */,
				1327B0B627A57AC500C28CE8 /* URLRequestLoggableProtocol.swift in Sources */,
				1327B0B927A57AC500C28CE8 /* RequestError.swift in Sources */,
				1327B0BC27A57AC500C28CE8 /* HTTPMethod.swift in Sources */,
				1327B0B827A57AC500C28CE8 /* RequestManager.swift in Sources */,
				1327B0D227A99F2000C28CE8 /* UICollectionView + Cell.swift in Sources */,
				1327B0A227A5652600C28CE8 /* Media.swift in Sources */,
				1327B09F27A5634F00C28CE8 /* Storyboarded.swift in Sources */,
				1327B0C527A9831400C28CE8 /* Coordinator.swift in Sources */,
			);
			runOnlyForDeploymentPostprocessing = 0;
		};
		1327B06F27A5227400C28CE8 /* Sources */ = {
			isa = PBXSourcesBuildPhase;
			buildActionMask = 2147483647;
			files = (
				1327B07827A5227400C28CE8 /* Killiaro_AssignmentTests.swift in Sources */,
			);
			runOnlyForDeploymentPostprocessing = 0;
		};
		1327B07927A5227400C28CE8 /* Sources */ = {
			isa = PBXSourcesBuildPhase;
			buildActionMask = 2147483647;
			files = (
				1327B08427A5227400C28CE8 /* Killiaro_AssignmentUITestsLaunchTests.swift in Sources */,
				1327B08227A5227400C28CE8 /* Killiaro_AssignmentUITests.swift in Sources */,
			);
			runOnlyForDeploymentPostprocessing = 0;
		};
/* End PBXSourcesBuildPhase section */

/* Begin PBXTargetDependency section */
		1327B07527A5227400C28CE8 /* PBXTargetDependency */ = {
			isa = PBXTargetDependency;
			target = 1327B06227A5227200C28CE8 /* Killiaro-Assignment */;
			targetProxy = 1327B07427A5227400C28CE8 /* PBXContainerItemProxy */;
		};
		1327B07F27A5227400C28CE8 /* PBXTargetDependency */ = {
			isa = PBXTargetDependency;
			target = 1327B06227A5227200C28CE8 /* Killiaro-Assignment */;
			targetProxy = 1327B07E27A5227400C28CE8 /* PBXContainerItemProxy */;
		};
/* End PBXTargetDependency section */

/* Begin XCBuildConfiguration section */
		1327B08527A5227400C28CE8 /* Debug */ = {
			isa = XCBuildConfiguration;
			buildSettings = {
				ALWAYS_SEARCH_USER_PATHS = NO;
				CLANG_ANALYZER_NONNULL = YES;
				CLANG_ANALYZER_NUMBER_OBJECT_CONVERSION = YES_AGGRESSIVE;
				CLANG_CXX_LANGUAGE_STANDARD = "gnu++17";
				CLANG_CXX_LIBRARY = "libc++";
				CLANG_ENABLE_MODULES = YES;
				CLANG_ENABLE_OBJC_ARC = YES;
				CLANG_ENABLE_OBJC_WEAK = YES;
				CLANG_WARN_BLOCK_CAPTURE_AUTORELEASING = YES;
				CLANG_WARN_BOOL_CONVERSION = YES;
				CLANG_WARN_COMMA = YES;
				CLANG_WARN_CONSTANT_CONVERSION = YES;
				CLANG_WARN_DEPRECATED_OBJC_IMPLEMENTATIONS = YES;
				CLANG_WARN_DIRECT_OBJC_ISA_USAGE = YES_ERROR;
				CLANG_WARN_DOCUMENTATION_COMMENTS = YES;
				CLANG_WARN_EMPTY_BODY = YES;
				CLANG_WARN_ENUM_CONVERSION = YES;
				CLANG_WARN_INFINITE_RECURSION = YES;
				CLANG_WARN_INT_CONVERSION = YES;
				CLANG_WARN_NON_LITERAL_NULL_CONVERSION = YES;
				CLANG_WARN_OBJC_IMPLICIT_RETAIN_SELF = YES;
				CLANG_WARN_OBJC_LITERAL_CONVERSION = YES;
				CLANG_WARN_OBJC_ROOT_CLASS = YES_ERROR;
				CLANG_WARN_QUOTED_INCLUDE_IN_FRAMEWORK_HEADER = YES;
				CLANG_WARN_RANGE_LOOP_ANALYSIS = YES;
				CLANG_WARN_STRICT_PROTOTYPES = YES;
				CLANG_WARN_SUSPICIOUS_MOVE = YES;
				CLANG_WARN_UNGUARDED_AVAILABILITY = YES_AGGRESSIVE;
				CLANG_WARN_UNREACHABLE_CODE = YES;
				CLANG_WARN__DUPLICATE_METHOD_MATCH = YES;
				COPY_PHASE_STRIP = NO;
				DEBUG_INFORMATION_FORMAT = dwarf;
				ENABLE_STRICT_OBJC_MSGSEND = YES;
				ENABLE_TESTABILITY = YES;
				GCC_C_LANGUAGE_STANDARD = gnu11;
				GCC_DYNAMIC_NO_PIC = NO;
				GCC_NO_COMMON_BLOCKS = YES;
				GCC_OPTIMIZATION_LEVEL = 0;
				GCC_PREPROCESSOR_DEFINITIONS = (
					"DEBUG=1",
					"$(inherited)",
				);
				GCC_WARN_64_TO_32_BIT_CONVERSION = YES;
				GCC_WARN_ABOUT_RETURN_TYPE = YES_ERROR;
				GCC_WARN_UNDECLARED_SELECTOR = YES;
				GCC_WARN_UNINITIALIZED_AUTOS = YES_AGGRESSIVE;
				GCC_WARN_UNUSED_FUNCTION = YES;
				GCC_WARN_UNUSED_VARIABLE = YES;
				IPHONEOS_DEPLOYMENT_TARGET = 15.0;
				MTL_ENABLE_DEBUG_INFO = INCLUDE_SOURCE;
				MTL_FAST_MATH = YES;
				ONLY_ACTIVE_ARCH = YES;
				SDKROOT = iphoneos;
				SWIFT_ACTIVE_COMPILATION_CONDITIONS = DEBUG;
				SWIFT_OPTIMIZATION_LEVEL = "-Onone";
			};
			name = Debug;
		};
		1327B08627A5227400C28CE8 /* Release */ = {
			isa = XCBuildConfiguration;
			buildSettings = {
				ALWAYS_SEARCH_USER_PATHS = NO;
				CLANG_ANALYZER_NONNULL = YES;
				CLANG_ANALYZER_NUMBER_OBJECT_CONVERSION = YES_AGGRESSIVE;
				CLANG_CXX_LANGUAGE_STANDARD = "gnu++17";
				CLANG_CXX_LIBRARY = "libc++";
				CLANG_ENABLE_MODULES = YES;
				CLANG_ENABLE_OBJC_ARC = YES;
				CLANG_ENABLE_OBJC_WEAK = YES;
				CLANG_WARN_BLOCK_CAPTURE_AUTORELEASING = YES;
				CLANG_WARN_BOOL_CONVERSION = YES;
				CLANG_WARN_COMMA = YES;
				CLANG_WARN_CONSTANT_CONVERSION = YES;
				CLANG_WARN_DEPRECATED_OBJC_IMPLEMENTATIONS = YES;
				CLANG_WARN_DIRECT_OBJC_ISA_USAGE = YES_ERROR;
				CLANG_WARN_DOCUMENTATION_COMMENTS = YES;
				CLANG_WARN_EMPTY_BODY = YES;
				CLANG_WARN_ENUM_CONVERSION = YES;
				CLANG_WARN_INFINITE_RECURSION = YES;
				CLANG_WARN_INT_CONVERSION = YES;
				CLANG_WARN_NON_LITERAL_NULL_CONVERSION = YES;
				CLANG_WARN_OBJC_IMPLICIT_RETAIN_SELF = YES;
				CLANG_WARN_OBJC_LITERAL_CONVERSION = YES;
				CLANG_WARN_OBJC_ROOT_CLASS = YES_ERROR;
				CLANG_WARN_QUOTED_INCLUDE_IN_FRAMEWORK_HEADER = YES;
				CLANG_WARN_RANGE_LOOP_ANALYSIS = YES;
				CLANG_WARN_STRICT_PROTOTYPES = YES;
				CLANG_WARN_SUSPICIOUS_MOVE = YES;
				CLANG_WARN_UNGUARDED_AVAILABILITY = YES_AGGRESSIVE;
				CLANG_WARN_UNREACHABLE_CODE = YES;
				CLANG_WARN__DUPLICATE_METHOD_MATCH = YES;
				COPY_PHASE_STRIP = NO;
				DEBUG_INFORMATION_FORMAT = "dwarf-with-dsym";
				ENABLE_NS_ASSERTIONS = NO;
				ENABLE_STRICT_OBJC_MSGSEND = YES;
				GCC_C_LANGUAGE_STANDARD = gnu11;
				GCC_NO_COMMON_BLOCKS = YES;
				GCC_WARN_64_TO_32_BIT_CONVERSION = YES;
				GCC_WARN_ABOUT_RETURN_TYPE = YES_ERROR;
				GCC_WARN_UNDECLARED_SELECTOR = YES;
				GCC_WARN_UNINITIALIZED_AUTOS = YES_AGGRESSIVE;
				GCC_WARN_UNUSED_FUNCTION = YES;
				GCC_WARN_UNUSED_VARIABLE = YES;
				IPHONEOS_DEPLOYMENT_TARGET = 15.0;
				MTL_ENABLE_DEBUG_INFO = NO;
				MTL_FAST_MATH = YES;
				SDKROOT = iphoneos;
				SWIFT_COMPILATION_MODE = wholemodule;
				SWIFT_OPTIMIZATION_LEVEL = "-O";
				VALIDATE_PRODUCT = YES;
			};
			name = Release;
		};
		1327B08827A5227400C28CE8 /* Debug */ = {
			isa = XCBuildConfiguration;
			buildSettings = {
				ASSETCATALOG_COMPILER_APPICON_NAME = AppIcon;
				ASSETCATALOG_COMPILER_GLOBAL_ACCENT_COLOR_NAME = AccentColor;
				CODE_SIGN_STYLE = Automatic;
				CURRENT_PROJECT_VERSION = 1;
				DEVELOPMENT_TEAM = 6HLE4997NC;
				ENABLE_PREVIEWS = NO;
				GENERATE_INFOPLIST_FILE = YES;
				INFOPLIST_KEY_UIApplicationSceneManifest_Generation = NO;
				INFOPLIST_KEY_UIApplicationSupportsIndirectInputEvents = YES;
				INFOPLIST_KEY_UILaunchScreen_Generation = YES;
				INFOPLIST_KEY_UISupportedInterfaceOrientations = UIInterfaceOrientationPortrait;
				INFOPLIST_KEY_UISupportedInterfaceOrientations_iPad = "UIInterfaceOrientationPortrait UIInterfaceOrientationPortraitUpsideDown UIInterfaceOrientationLandscapeLeft UIInterfaceOrientationLandscapeRight";
				INFOPLIST_KEY_UISupportedInterfaceOrientations_iPhone = "UIInterfaceOrientationPortrait UIInterfaceOrientationLandscapeLeft UIInterfaceOrientationLandscapeRight";
				INFOPLIST_KEY_UIUserInterfaceStyle = Light;
				IPHONEOS_DEPLOYMENT_TARGET = 13.0;
				LD_RUNPATH_SEARCH_PATHS = (
					"$(inherited)",
					"@executable_path/Frameworks",
				);
				MARKETING_VERSION = 1.0;
				PRODUCT_BUNDLE_IDENTIFIER = "com.killiaro.assign.Killiaro-Assignment";
				PRODUCT_NAME = "$(TARGET_NAME)";
				SWIFT_EMIT_LOC_STRINGS = YES;
				SWIFT_VERSION = 5.0;
				TARGETED_DEVICE_FAMILY = 1;
			};
			name = Debug;
		};
		1327B08927A5227400C28CE8 /* Release */ = {
			isa = XCBuildConfiguration;
			buildSettings = {
				ASSETCATALOG_COMPILER_APPICON_NAME = AppIcon;
				ASSETCATALOG_COMPILER_GLOBAL_ACCENT_COLOR_NAME = AccentColor;
				CODE_SIGN_STYLE = Automatic;
				CURRENT_PROJECT_VERSION = 1;
				DEVELOPMENT_TEAM = 6HLE4997NC;
				ENABLE_PREVIEWS = NO;
				GENERATE_INFOPLIST_FILE = YES;
				INFOPLIST_KEY_UIApplicationSceneManifest_Generation = NO;
				INFOPLIST_KEY_UIApplicationSupportsIndirectInputEvents = YES;
				INFOPLIST_KEY_UILaunchScreen_Generation = YES;
				INFOPLIST_KEY_UISupportedInterfaceOrientations = UIInterfaceOrientationPortrait;
				INFOPLIST_KEY_UISupportedInterfaceOrientations_iPad = "UIInterfaceOrientationPortrait UIInterfaceOrientationPortraitUpsideDown UIInterfaceOrientationLandscapeLeft UIInterfaceOrientationLandscapeRight";
				INFOPLIST_KEY_UISupportedInterfaceOrientations_iPhone = "UIInterfaceOrientationPortrait UIInterfaceOrientationLandscapeLeft UIInterfaceOrientationLandscapeRight";
				INFOPLIST_KEY_UIUserInterfaceStyle = Light;
				IPHONEOS_DEPLOYMENT_TARGET = 13.0;
				LD_RUNPATH_SEARCH_PATHS = (
					"$(inherited)",
					"@executable_path/Frameworks",
				);
				MARKETING_VERSION = 1.0;
				PRODUCT_BUNDLE_IDENTIFIER = "com.killiaro.assign.Killiaro-Assignment";
				PRODUCT_NAME = "$(TARGET_NAME)";
				SWIFT_EMIT_LOC_STRINGS = YES;
				SWIFT_VERSION = 5.0;
				TARGETED_DEVICE_FAMILY = 1;
			};
			name = Release;
		};
		1327B08B27A5227400C28CE8 /* Debug */ = {
			isa = XCBuildConfiguration;
			buildSettings = {
				ALWAYS_EMBED_SWIFT_STANDARD_LIBRARIES = YES;
				BUNDLE_LOADER = "$(TEST_HOST)";
				CODE_SIGN_STYLE = Automatic;
				CURRENT_PROJECT_VERSION = 1;
				DEVELOPMENT_TEAM = 6HLE4997NC;
				GENERATE_INFOPLIST_FILE = YES;
				IPHONEOS_DEPLOYMENT_TARGET = 15.0;
				LD_RUNPATH_SEARCH_PATHS = (
					"$(inherited)",
					"@executable_path/Frameworks",
					"@loader_path/Frameworks",
				);
				MARKETING_VERSION = 1.0;
				PRODUCT_BUNDLE_IDENTIFIER = "com.killiaro.assign.Killiaro-AssignmentTests";
				PRODUCT_NAME = "$(TARGET_NAME)";
				SWIFT_EMIT_LOC_STRINGS = NO;
				SWIFT_VERSION = 5.0;
				TARGETED_DEVICE_FAMILY = "1,2";
				TEST_HOST = "$(BUILT_PRODUCTS_DIR)/Killiaro-Assignment.app/Killiaro-Assignment";
			};
			name = Debug;
		};
		1327B08C27A5227400C28CE8 /* Release */ = {
			isa = XCBuildConfiguration;
			buildSettings = {
				ALWAYS_EMBED_SWIFT_STANDARD_LIBRARIES = YES;
				BUNDLE_LOADER = "$(TEST_HOST)";
				CODE_SIGN_STYLE = Automatic;
				CURRENT_PROJECT_VERSION = 1;
				DEVELOPMENT_TEAM = 6HLE4997NC;
				GENERATE_INFOPLIST_FILE = YES;
				IPHONEOS_DEPLOYMENT_TARGET = 15.0;
				LD_RUNPATH_SEARCH_PATHS = (
					"$(inherited)",
					"@executable_path/Frameworks",
					"@loader_path/Frameworks",
				);
				MARKETING_VERSION = 1.0;
				PRODUCT_BUNDLE_IDENTIFIER = "com.killiaro.assign.Killiaro-AssignmentTests";
				PRODUCT_NAME = "$(TARGET_NAME)";
				SWIFT_EMIT_LOC_STRINGS = NO;
				SWIFT_VERSION = 5.0;
				TARGETED_DEVICE_FAMILY = "1,2";
				TEST_HOST = "$(BUILT_PRODUCTS_DIR)/Killiaro-Assignment.app/Killiaro-Assignment";
			};
			name = Release;
		};
		1327B08E27A5227400C28CE8 /* Debug */ = {
			isa = XCBuildConfiguration;
			buildSettings = {
				ALWAYS_EMBED_SWIFT_STANDARD_LIBRARIES = YES;
				CODE_SIGN_STYLE = Automatic;
				CURRENT_PROJECT_VERSION = 1;
				DEVELOPMENT_TEAM = 6HLE4997NC;
				GENERATE_INFOPLIST_FILE = YES;
				LD_RUNPATH_SEARCH_PATHS = (
					"$(inherited)",
					"@executable_path/Frameworks",
					"@loader_path/Frameworks",
				);
				MARKETING_VERSION = 1.0;
				PRODUCT_BUNDLE_IDENTIFIER = "com.killiaro.assign.Killiaro-AssignmentUITests";
				PRODUCT_NAME = "$(TARGET_NAME)";
				SWIFT_EMIT_LOC_STRINGS = NO;
				SWIFT_VERSION = 5.0;
				TARGETED_DEVICE_FAMILY = "1,2";
				TEST_TARGET_NAME = "Killiaro-Assignment";
			};
			name = Debug;
		};
		1327B08F27A5227400C28CE8 /* Release */ = {
			isa = XCBuildConfiguration;
			buildSettings = {
				ALWAYS_EMBED_SWIFT_STANDARD_LIBRARIES = YES;
				CODE_SIGN_STYLE = Automatic;
				CURRENT_PROJECT_VERSION = 1;
				DEVELOPMENT_TEAM = 6HLE4997NC;
				GENERATE_INFOPLIST_FILE = YES;
				LD_RUNPATH_SEARCH_PATHS = (
					"$(inherited)",
					"@executable_path/Frameworks",
					"@loader_path/Frameworks",
				);
				MARKETING_VERSION = 1.0;
				PRODUCT_BUNDLE_IDENTIFIER = "com.killiaro.assign.Killiaro-AssignmentUITests";
				PRODUCT_NAME = "$(TARGET_NAME)";
				SWIFT_EMIT_LOC_STRINGS = NO;
				SWIFT_VERSION = 5.0;
				TARGETED_DEVICE_FAMILY = "1,2";
				TEST_TARGET_NAME = "Killiaro-Assignment";
			};
			name = Release;
		};
/* End XCBuildConfiguration section */

/* Begin XCConfigurationList section */
		1327B05E27A5227200C28CE8 /* Build configuration list for PBXProject "Killiaro-Assignment" */ = {
			isa = XCConfigurationList;
			buildConfigurations = (
				1327B08527A5227400C28CE8 /* Debug */,
				1327B08627A5227400C28CE8 /* Release */,
			);
			defaultConfigurationIsVisible = 0;
			defaultConfigurationName = Release;
		};
		1327B08727A5227400C28CE8 /* Build configuration list for PBXNativeTarget "Killiaro-Assignment" */ = {
			isa = XCConfigurationList;
			buildConfigurations = (
				1327B08827A5227400C28CE8 /* Debug */,
				1327B08927A5227400C28CE8 /* Release */,
			);
			defaultConfigurationIsVisible = 0;
			defaultConfigurationName = Release;
		};
		1327B08A27A5227400C28CE8 /* Build configuration list for PBXNativeTarget "Killiaro-AssignmentTests" */ = {
			isa = XCConfigurationList;
			buildConfigurations = (
				1327B08B27A5227400C28CE8 /* Debug */,
				1327B08C27A5227400C28CE8 /* Release */,
			);
			defaultConfigurationIsVisible = 0;
			defaultConfigurationName = Release;
		};
		1327B08D27A5227400C28CE8 /* Build configuration list for PBXNativeTarget "Killiaro-AssignmentUITests" */ = {
			isa = XCConfigurationList;
			buildConfigurations = (
				1327B08E27A5227400C28CE8 /* Debug */,
				1327B08F27A5227400C28CE8 /* Release */,
			);
			defaultConfigurationIsVisible = 0;
			defaultConfigurationName = Release;
		};
/* End XCConfigurationList section */

/* Begin XCRemoteSwiftPackageReference section */
		1327B0D327A9A0A400C28CE8 /* XCRemoteSwiftPackageReference "Kingfisher" */ = {
			isa = XCRemoteSwiftPackageReference;
			repositoryURL = "https://github.com/onevcat/Kingfisher.git";
			requirement = {
				kind = upToNextMajorVersion;
				minimumVersion = 7.0.0;
			};
		};
/* End XCRemoteSwiftPackageReference section */

/* Begin XCSwiftPackageProductDependency section */
		1327B0D427A9A0A400C28CE8 /* Kingfisher */ = {
			isa = XCSwiftPackageProductDependency;
			package = 1327B0D327A9A0A400C28CE8 /* XCRemoteSwiftPackageReference "Kingfisher" */;
			productName = Kingfisher;
		};
/* End XCSwiftPackageProductDependency section */

/* Begin XCVersionGroup section */
		1327B09127A53ADF00C28CE8 /* Killiaro.xcdatamodeld */ = {
			isa = XCVersionGroup;
			children = (
				1327B09227A53ADF00C28CE8 /* Killiaro.xcdatamodel */,
			);
			currentVersion = 1327B09227A53ADF00C28CE8 /* Killiaro.xcdatamodel */;
			path = Killiaro.xcdatamodeld;
			sourceTree = "<group>";
			versionGroupType = wrapper.xcdatamodel;
		};
/* End XCVersionGroup section */
	};
	rootObject = 1327B05B27A5227200C28CE8 /* Project object */;
}
